<?xml version="1.0" encoding="utf-8"?>
<Project ToolsVersion="4.0" xmlns="http://schemas.microsoft.com/developer/msbuild/2003">
  <ItemGroup>
    <Filter Include="Source Files">
      <UniqueIdentifier>{4FC737F1-C7A5-4376-A066-2A32D752A2FF}</UniqueIdentifier>
      <Extensions>cpp;c;cc;cxx;c++;cppm;ixx;def;odl;idl;hpj;bat;asm;asmx</Extensions>
    </Filter>
    <Filter Include="Header Files">
      <UniqueIdentifier>{93995380-89BD-4b04-88EB-625FBE52EBFB}</UniqueIdentifier>
      <Extensions>h;hh;hpp;hxx;h++;hm;inl;inc;ipp;xsd</Extensions>
    </Filter>
    <Filter Include="Resource Files">
      <UniqueIdentifier>{67DA6AB6-F800-4c08-8B7A-83BB121AAD01}</UniqueIdentifier>
      <Extensions>rc;ico;cur;bmp;dlg;rc2;rct;bin;rgs;gif;jpg;jpeg;jpe;resx;tiff;tif;png;wav;mfcribbon-ms</Extensions>
    </Filter>
    <Filter Include="Source Files\ModelCode">
      <UniqueIdentifier>{a6250638-0ce3-45a0-b72c-ecc034a8d350}</UniqueIdentifier>
    </Filter>
    <Filter Include="Header Files\ModelHeaders">
      <UniqueIdentifier>{148f326d-e256-4c7e-99f5-0d591ec3e6e8}</UniqueIdentifier>
    </Filter>
    <Filter Include="Source Files\EngineObjects">
      <UniqueIdentifier>{a6be8546-2846-4e70-8e14-fed99fbb9088}</UniqueIdentifier>
    </Filter>
    <Filter Include="Header Files\EngineObjects">
      <UniqueIdentifier>{eaa99d45-c0e1-45f7-ad0b-e725903df6ad}</UniqueIdentifier>
    </Filter>
  </ItemGroup>
  <ItemGroup>
    <ClCompile Include="main.cpp">
      <Filter>Source Files</Filter>
    </ClCompile>
    <ClCompile Include="ModelCode\Model.cpp">
      <Filter>Source Files\ModelCode</Filter>
    </ClCompile>
    <ClCompile Include="ModelCode\Shaders.cpp">
      <Filter>Source Files\ModelCode</Filter>
    </ClCompile>
    <ClCompile Include="ModelCode\stb_image.cpp">
      <Filter>Source Files\ModelCode</Filter>
    </ClCompile>
    <ClCompile Include="ModelCode\tiny_obj_loader.cpp">
      <Filter>Source Files\ModelCode</Filter>
    </ClCompile>
  </ItemGroup>
  <ItemGroup>
    <ClInclude Include="ModelCode\Model.h">
      <Filter>Header Files\ModelHeaders</Filter>
    </ClInclude>
    <ClInclude Include="ModelCode\Shaders.h">
      <Filter>Header Files\ModelHeaders</Filter>
    </ClInclude>
    <ClInclude Include="ModelCode\stb_image.h">
      <Filter>Header Files\ModelHeaders</Filter>
    </ClInclude>
    <ClInclude Include="ModelCode\tiny_obj_loader.h">
      <Filter>Header Files\ModelHeaders</Filter>
    </ClInclude>
    <ClInclude Include="ModelCode\Textures.h">
      <Filter>Header Files\ModelHeaders</Filter>
    </ClInclude>
    <ClInclude Include="EngineObjects\Camera.h">
      <Filter>Header Files\EngineObjects</Filter>
    </ClInclude>
    <ClInclude Include="EngineObjects\FlyCam.h">
      <Filter>Header Files\EngineObjects</Filter>
    </ClInclude>
  </ItemGroup>
</Project>